
Microsoft Visual Studio Solution File, Format Version 12.00
# Visual Studio 14
VisualStudioVersion = 14.0.25420.1
MinimumVisualStudioVersion = 10.0.40219.1
Project("{FAE04EC0-301F-11D3-BF4B-00C04F79EFBC}") = "Dal", "Dal\Dal.csproj", "{96B44A78-79DC-42EC-825E-1DD45B1B0FD0}"
EndProject
Project("{FAE04EC0-301F-11D3-BF4B-00C04F79EFBC}") = "Test", "Test\Test.csproj", "{3D37A08E-7105-4128-9F1E-6A0D32D7F574}"
EndProject
Project("{FAE04EC0-301F-11D3-BF4B-00C04F79EFBC}") = "ClientApp", "ClientApp\ClientApp.csproj", "{2B26F3BA-9204-4F20-B3B3-0E15BD861F70}"
	ProjectSection(ProjectDependencies) = postProject
		{D548A08C-B27D-458E-A66F-0B67CBC0A810} = {D548A08C-B27D-458E-A66F-0B67CBC0A810}
	EndProjectSection
EndProject
Project("{E24C65DC-7377-472B-9ABA-BC803B73C61A}") = "WebSite1(2)", "WebSite1\", "{D548A08C-B27D-458E-A66F-0B67CBC0A810}"
	ProjectSection(WebsiteProperties) = preProject
		TargetFrameworkMoniker = ".NETFramework,Version%3Dv4.6.1"
		Debug.AspNetCompiler.VirtualPath = "/localhost_56062"
		Debug.AspNetCompiler.PhysicalPath = "WebSite1\"
		Debug.AspNetCompiler.TargetPath = "PrecompiledWeb\localhost_56062\"
		Debug.AspNetCompiler.Updateable = "true"
		Debug.AspNetCompiler.ForceOverwrite = "true"
		Debug.AspNetCompiler.FixedNames = "false"
		Debug.AspNetCompiler.Debug = "True"
		Release.AspNetCompiler.VirtualPath = "/localhost_56062"
		Release.AspNetCompiler.PhysicalPath = "WebSite1\"
		Release.AspNetCompiler.TargetPath = "PrecompiledWeb\localhost_56062\"
		Release.AspNetCompiler.Updateable = "true"
		Release.AspNetCompiler.ForceOverwrite = "true"
		Release.AspNetCompiler.FixedNames = "false"
		Release.AspNetCompiler.Debug = "False"
		VWDPort = "56062"
		SlnRelativePath = "WebSite1\"
	EndProjectSection
EndProject
Project("{FAE04EC0-301F-11D3-BF4B-00C04F79EFBC}") = "Business_Layer", "Business_Layer\Business_Layer.csproj", "{2CF193BA-A0EA-4548-8696-97B7D15E8538}"
EndProject
Project("{FAE04EC0-301F-11D3-BF4B-00C04F79EFBC}") = "FileSharing_FTP_Client", "FileSharing_FTP_Client\FileSharing_FTP_Client.csproj", "{997329EB-11EE-4473-92FE-B7B2A3434309}"
	ProjectSection(ProjectDependencies) = postProject
		{D548A08C-B27D-458E-A66F-0B67CBC0A810} = {D548A08C-B27D-458E-A66F-0B67CBC0A810}
	EndProjectSection
EndProject
Project("{FAE04EC0-301F-11D3-BF4B-00C04F79EFBC}") = "FileSharing_FTP_Server", "FileSharing_FTP_Server\FileSharing_FTP_Server.csproj", "{2E426C40-AC43-4E27-B3C1-9D7FE330163E}"
EndProject
Project("{FAE04EC0-301F-11D3-BF4B-00C04F79EFBC}") = "Client", "Client\Client.csproj", "{45490BCE-B0B2-4B0C-901F-163B6B0BBB25}"
	ProjectSection(ProjectDependencies) = postProject
		{D548A08C-B27D-458E-A66F-0B67CBC0A810} = {D548A08C-B27D-458E-A66F-0B67CBC0A810}
	EndProjectSection
EndProject
Global
	GlobalSection(SolutionConfigurationPlatforms) = preSolution
		Debug|Any CPU = Debug|Any CPU
		Debug|x86 = Debug|x86
		Release|Any CPU = Release|Any CPU
		Release|x86 = Release|x86
	EndGlobalSection
	GlobalSection(ProjectConfigurationPlatforms) = postSolution
		{96B44A78-79DC-42EC-825E-1DD45B1B0FD0}.Debug|Any CPU.ActiveCfg = Debug|Any CPU
		{96B44A78-79DC-42EC-825E-1DD45B1B0FD0}.Debug|Any CPU.Build.0 = Debug|Any CPU
		{96B44A78-79DC-42EC-825E-1DD45B1B0FD0}.Debug|x86.ActiveCfg = Debug|Any CPU
		{96B44A78-79DC-42EC-825E-1DD45B1B0FD0}.Debug|x86.Build.0 = Debug|Any CPU
		{96B44A78-79DC-42EC-825E-1DD45B1B0FD0}.Release|Any CPU.ActiveCfg = Release|Any CPU
		{96B44A78-79DC-42EC-825E-1DD45B1B0FD0}.Release|Any CPU.Build.0 = Release|Any CPU
		{96B44A78-79DC-42EC-825E-1DD45B1B0FD0}.Release|x86.ActiveCfg = Release|Any CPU
		{96B44A78-79DC-42EC-825E-1DD45B1B0FD0}.Release|x86.Build.0 = Release|Any CPU
		{3D37A08E-7105-4128-9F1E-6A0D32D7F574}.Debug|Any CPU.ActiveCfg = Debug|Any CPU
		{3D37A08E-7105-4128-9F1E-6A0D32D7F574}.Debug|Any CPU.Build.0 = Debug|Any CPU
		{3D37A08E-7105-4128-9F1E-6A0D32D7F574}.Debug|x86.ActiveCfg = Debug|Any CPU
		{3D37A08E-7105-4128-9F1E-6A0D32D7F574}.Debug|x86.Build.0 = Debug|Any CPU
		{3D37A08E-7105-4128-9F1E-6A0D32D7F574}.Release|Any CPU.ActiveCfg = Release|Any CPU
		{3D37A08E-7105-4128-9F1E-6A0D32D7F574}.Release|Any CPU.Build.0 = Release|Any CPU
		{3D37A08E-7105-4128-9F1E-6A0D32D7F574}.Release|x86.ActiveCfg = Release|Any CPU
		{3D37A08E-7105-4128-9F1E-6A0D32D7F574}.Release|x86.Build.0 = Release|Any CPU
		{2B26F3BA-9204-4F20-B3B3-0E15BD861F70}.Debug|Any CPU.ActiveCfg = Debug|Any CPU
		{2B26F3BA-9204-4F20-B3B3-0E15BD861F70}.Debug|Any CPU.Build.0 = Debug|Any CPU
		{2B26F3BA-9204-4F20-B3B3-0E15BD861F70}.Debug|x86.ActiveCfg = Debug|Any CPU
		{2B26F3BA-9204-4F20-B3B3-0E15BD861F70}.Debug|x86.Build.0 = Debug|Any CPU
		{2B26F3BA-9204-4F20-B3B3-0E15BD861F70}.Release|Any CPU.ActiveCfg = Release|Any CPU
		{2B26F3BA-9204-4F20-B3B3-0E15BD861F70}.Release|Any CPU.Build.0 = Release|Any CPU
		{2B26F3BA-9204-4F20-B3B3-0E15BD861F70}.Release|x86.ActiveCfg = Release|Any CPU
		{2B26F3BA-9204-4F20-B3B3-0E15BD861F70}.Release|x86.Build.0 = Release|Any CPU
		{D548A08C-B27D-458E-A66F-0B67CBC0A810}.Debug|Any CPU.ActiveCfg = Debug|Any CPU
		{D548A08C-B27D-458E-A66F-0B67CBC0A810}.Debug|Any CPU.Build.0 = Debug|Any CPU
		{D548A08C-B27D-458E-A66F-0B67CBC0A810}.Debug|x86.ActiveCfg = Debug|Any CPU
		{D548A08C-B27D-458E-A66F-0B67CBC0A810}.Debug|x86.Build.0 = Debug|Any CPU
		{D548A08C-B27D-458E-A66F-0B67CBC0A810}.Release|Any CPU.ActiveCfg = Debug|Any CPU
		{D548A08C-B27D-458E-A66F-0B67CBC0A810}.Release|Any CPU.Build.0 = Debug|Any CPU
		{D548A08C-B27D-458E-A66F-0B67CBC0A810}.Release|x86.ActiveCfg = Debug|Any CPU
		{D548A08C-B27D-458E-A66F-0B67CBC0A810}.Release|x86.Build.0 = Debug|Any CPU
		{2CF193BA-A0EA-4548-8696-97B7D15E8538}.Debug|Any CPU.ActiveCfg = Debug|Any CPU
		{2CF193BA-A0EA-4548-8696-97B7D15E8538}.Debug|Any CPU.Build.0 = Debug|Any CPU
		{2CF193BA-A0EA-4548-8696-97B7D15E8538}.Debug|x86.ActiveCfg = Debug|Any CPU
		{2CF193BA-A0EA-4548-8696-97B7D15E8538}.Debug|x86.Build.0 = Debug|Any CPU
		{2CF193BA-A0EA-4548-8696-97B7D15E8538}.Release|Any CPU.ActiveCfg = Release|Any CPU
		{2CF193BA-A0EA-4548-8696-97B7D15E8538}.Release|Any CPU.Build.0 = Release|Any CPU
		{2CF193BA-A0EA-4548-8696-97B7D15E8538}.Release|x86.ActiveCfg = Release|Any CPU
		{2CF193BA-A0EA-4548-8696-97B7D15E8538}.Release|x86.Build.0 = Release|Any CPU
		{997329EB-11EE-4473-92FE-B7B2A3434309}.Debug|Any CPU.ActiveCfg = Debug|x86
		{997329EB-11EE-4473-92FE-B7B2A3434309}.Debug|x86.ActiveCfg = Debug|x86
		{997329EB-11EE-4473-92FE-B7B2A3434309}.Debug|x86.Build.0 = Debug|x86
		{997329EB-11EE-4473-92FE-B7B2A3434309}.Release|Any CPU.ActiveCfg = Release|x86
		{997329EB-11EE-4473-92FE-B7B2A3434309}.Release|x86.ActiveCfg = Release|x86
		{997329EB-11EE-4473-92FE-B7B2A3434309}.Release|x86.Build.0 = Release|x86
		{2E426C40-AC43-4E27-B3C1-9D7FE330163E}.Debug|Any CPU.ActiveCfg = Debug|x86
		{2E426C40-AC43-4E27-B3C1-9D7FE330163E}.Debug|x86.ActiveCfg = Debug|x86
		{2E426C40-AC43-4E27-B3C1-9D7FE330163E}.Debug|x86.Build.0 = Debug|x86
		{2E426C40-AC43-4E27-B3C1-9D7FE330163E}.Release|Any CPU.ActiveCfg = Release|x86
		{2E426C40-AC43-4E27-B3C1-9D7FE330163E}.Release|x86.ActiveCfg = Release|x86
		{2E426C40-AC43-4E27-B3C1-9D7FE330163E}.Release|x86.Build.0 = Release|x86
		{45490BCE-B0B2-4B0C-901F-163B6B0BBB25}.Debug|Any CPU.ActiveCfg = Debug|Any CPU
		{45490BCE-B0B2-4B0C-901F-163B6B0BBB25}.Debug|Any CPU.Build.0 = Debug|Any CPU
		{45490BCE-B0B2-4B0C-901F-163B6B0BBB25}.Debug|x86.ActiveCfg = Debug|Any CPU
		{45490BCE-B0B2-4B0C-901F-163B6B0BBB25}.Debug|x86.Build.0 = Debug|Any CPU
		{45490BCE-B0B2-4B0C-901F-163B6B0BBB25}.Release|Any CPU.ActiveCfg = Release|Any CPU
		{45490BCE-B0B2-4B0C-901F-163B6B0BBB25}.Release|Any CPU.Build.0 = Release|Any CPU
		{45490BCE-B0B2-4B0C-901F-163B6B0BBB25}.Release|x86.ActiveCfg = Release|Any CPU
		{45490BCE-B0B2-4B0C-901F-163B6B0BBB25}.Release|x86.Build.0 = Release|Any CPU
	EndGlobalSection
	GlobalSection(SolutionProperties) = preSolution
		HideSolutionNode = FALSE
	EndGlobalSection
	GlobalSection(ExtensibilityGlobals) = postSolution
		SolutionGuid = {F8A6B8F8-6BAF-4C51-8EE9-686BB849F9AF}
	EndGlobalSection
EndGlobal
