
Microsoft Visual Studio Solution File, Format Version 12.00
# Visual Studio 14
VisualStudioVersion = 14.0.25420.1
MinimumVisualStudioVersion = 10.0.40219.1
Project("{FAE04EC0-301F-11D3-BF4B-00C04F79EFBC}") = "Dal", "Dal\Dal.csproj", "{96B44A78-79DC-42EC-825E-1DD45B1B0FD0}"
EndProject
Project("{FAE04EC0-301F-11D3-BF4B-00C04F79EFBC}") = "ClientApp", "ClientApp\ClientApp.csproj", "{2B26F3BA-9204-4F20-B3B3-0E15BD861F70}"
	ProjectSection(ProjectDependencies) = postProject
		{D548A08C-B27D-458E-A66F-0B67CBC0A810} = {D548A08C-B27D-458E-A66F-0B67CBC0A810}
	EndProjectSection
EndProject
Project("{E24C65DC-7377-472B-9ABA-BC803B73C61A}") = "WebSite1(2)", "WebSite1\", "{D548A08C-B27D-458E-A66F-0B67CBC0A810}"
	ProjectSection(WebsiteProperties) = preProject
		TargetFrameworkMoniker = ".NETFramework,Version%3Dv4.6.1"
		Debug.AspNetCompiler.VirtualPath = "/localhost_56062"
		Debug.AspNetCompiler.PhysicalPath = "WebSite1\"
		Debug.AspNetCompiler.TargetPath = "PrecompiledWeb\localhost_56062\"
		Debug.AspNetCompiler.Updateable = "true"
		Debug.AspNetCompiler.ForceOverwrite = "true"
		Debug.AspNetCompiler.FixedNames = "false"
		Debug.AspNetCompiler.Debug = "True"
		Release.AspNetCompiler.VirtualPath = "/localhost_56062"
		Release.AspNetCompiler.PhysicalPath = "WebSite1\"
		Release.AspNetCompiler.TargetPath = "PrecompiledWeb\localhost_56062\"
		Release.AspNetCompiler.Updateable = "true"
		Release.AspNetCompiler.ForceOverwrite = "true"
		Release.AspNetCompiler.FixedNames = "false"
		Release.AspNetCompiler.Debug = "False"
		VWDPort = "56062"
		SlnRelativePath = "WebSite1\"
	EndProjectSection
EndProject
Project("{FAE04EC0-301F-11D3-BF4B-00C04F79EFBC}") = "Business_Layer", "Business_Layer\Business_Layer.csproj", "{18EAD09A-3FD8-42DC-B8C3-030EE366A835}"
EndProject
Project("{FAE04EC0-301F-11D3-BF4B-00C04F79EFBC}") = "FileSharing_FTP_Server", "FileSharing_FTP_Server\FileSharing_FTP_Server.csproj", "{6D158642-1908-4E7F-926E-EAE1BF44A814}"
EndProject
Project("{FAE04EC0-301F-11D3-BF4B-00C04F79EFBC}") = "FileSharing_FTP_Client", "FileSharing_FTP_Client\FileSharing_FTP_Client.csproj", "{0B5B43E6-C5EB-4BFF-ADFC-9CE2F2D13D52}"
	ProjectSection(ProjectDependencies) = postProject
		{D548A08C-B27D-458E-A66F-0B67CBC0A810} = {D548A08C-B27D-458E-A66F-0B67CBC0A810}
	EndProjectSection
EndProject
Global
	GlobalSection(SolutionConfigurationPlatforms) = preSolution
		Debug|Any CPU = Debug|Any CPU
		Debug|x86 = Debug|x86
		Release|Any CPU = Release|Any CPU
		Release|x86 = Release|x86
	EndGlobalSection
	GlobalSection(ProjectConfigurationPlatforms) = postSolution
		{96B44A78-79DC-42EC-825E-1DD45B1B0FD0}.Debug|Any CPU.ActiveCfg = Debug|Any CPU
		{96B44A78-79DC-42EC-825E-1DD45B1B0FD0}.Debug|Any CPU.Build.0 = Debug|Any CPU
		{96B44A78-79DC-42EC-825E-1DD45B1B0FD0}.Debug|x86.ActiveCfg = Debug|Any CPU
		{96B44A78-79DC-42EC-825E-1DD45B1B0FD0}.Debug|x86.Build.0 = Debug|Any CPU
		{96B44A78-79DC-42EC-825E-1DD45B1B0FD0}.Release|Any CPU.ActiveCfg = Release|Any CPU
		{96B44A78-79DC-42EC-825E-1DD45B1B0FD0}.Release|Any CPU.Build.0 = Release|Any CPU
		{96B44A78-79DC-42EC-825E-1DD45B1B0FD0}.Release|x86.ActiveCfg = Release|Any CPU
		{96B44A78-79DC-42EC-825E-1DD45B1B0FD0}.Release|x86.Build.0 = Release|Any CPU
		{2B26F3BA-9204-4F20-B3B3-0E15BD861F70}.Debug|Any CPU.ActiveCfg = Debug|Any CPU
		{2B26F3BA-9204-4F20-B3B3-0E15BD861F70}.Debug|Any CPU.Build.0 = Debug|Any CPU
		{2B26F3BA-9204-4F20-B3B3-0E15BD861F70}.Debug|x86.ActiveCfg = Debug|Any CPU
		{2B26F3BA-9204-4F20-B3B3-0E15BD861F70}.Debug|x86.Build.0 = Debug|Any CPU
		{2B26F3BA-9204-4F20-B3B3-0E15BD861F70}.Release|Any CPU.ActiveCfg = Release|Any CPU
		{2B26F3BA-9204-4F20-B3B3-0E15BD861F70}.Release|Any CPU.Build.0 = Release|Any CPU
		{2B26F3BA-9204-4F20-B3B3-0E15BD861F70}.Release|x86.ActiveCfg = Release|Any CPU
		{2B26F3BA-9204-4F20-B3B3-0E15BD861F70}.Release|x86.Build.0 = Release|Any CPU
		{D548A08C-B27D-458E-A66F-0B67CBC0A810}.Debug|Any CPU.ActiveCfg = Debug|Any CPU
		{D548A08C-B27D-458E-A66F-0B67CBC0A810}.Debug|Any CPU.Build.0 = Debug|Any CPU
		{D548A08C-B27D-458E-A66F-0B67CBC0A810}.Debug|x86.ActiveCfg = Debug|Any CPU
		{D548A08C-B27D-458E-A66F-0B67CBC0A810}.Debug|x86.Build.0 = Debug|Any CPU
		{D548A08C-B27D-458E-A66F-0B67CBC0A810}.Release|Any CPU.ActiveCfg = Debug|Any CPU
		{D548A08C-B27D-458E-A66F-0B67CBC0A810}.Release|Any CPU.Build.0 = Debug|Any CPU
		{D548A08C-B27D-458E-A66F-0B67CBC0A810}.Release|x86.ActiveCfg = Debug|Any CPU
		{D548A08C-B27D-458E-A66F-0B67CBC0A810}.Release|x86.Build.0 = Debug|Any CPU
		{18EAD09A-3FD8-42DC-B8C3-030EE366A835}.Debug|Any CPU.ActiveCfg = Debug|Any CPU
		{18EAD09A-3FD8-42DC-B8C3-030EE366A835}.Debug|Any CPU.Build.0 = Debug|Any CPU
		{18EAD09A-3FD8-42DC-B8C3-030EE366A835}.Debug|x86.ActiveCfg = Debug|Any CPU
		{18EAD09A-3FD8-42DC-B8C3-030EE366A835}.Debug|x86.Build.0 = Debug|Any CPU
		{18EAD09A-3FD8-42DC-B8C3-030EE366A835}.Release|Any CPU.ActiveCfg = Release|Any CPU
		{18EAD09A-3FD8-42DC-B8C3-030EE366A835}.Release|Any CPU.Build.0 = Release|Any CPU
		{18EAD09A-3FD8-42DC-B8C3-030EE366A835}.Release|x86.ActiveCfg = Release|Any CPU
		{18EAD09A-3FD8-42DC-B8C3-030EE366A835}.Release|x86.Build.0 = Release|Any CPU
		{6D158642-1908-4E7F-926E-EAE1BF44A814}.Debug|Any CPU.ActiveCfg = Debug|Any CPU
		{6D158642-1908-4E7F-926E-EAE1BF44A814}.Debug|Any CPU.Build.0 = Debug|Any CPU
		{6D158642-1908-4E7F-926E-EAE1BF44A814}.Debug|x86.ActiveCfg = Debug|Any CPU
		{6D158642-1908-4E7F-926E-EAE1BF44A814}.Debug|x86.Build.0 = Debug|Any CPU
		{6D158642-1908-4E7F-926E-EAE1BF44A814}.Release|Any CPU.ActiveCfg = Release|Any CPU
		{6D158642-1908-4E7F-926E-EAE1BF44A814}.Release|Any CPU.Build.0 = Release|Any CPU
		{6D158642-1908-4E7F-926E-EAE1BF44A814}.Release|x86.ActiveCfg = Release|Any CPU
		{6D158642-1908-4E7F-926E-EAE1BF44A814}.Release|x86.Build.0 = Release|Any CPU
		{0B5B43E6-C5EB-4BFF-ADFC-9CE2F2D13D52}.Debug|Any CPU.ActiveCfg = Debug|Any CPU
		{0B5B43E6-C5EB-4BFF-ADFC-9CE2F2D13D52}.Debug|Any CPU.Build.0 = Debug|Any CPU
		{0B5B43E6-C5EB-4BFF-ADFC-9CE2F2D13D52}.Debug|x86.ActiveCfg = Debug|Any CPU
		{0B5B43E6-C5EB-4BFF-ADFC-9CE2F2D13D52}.Debug|x86.Build.0 = Debug|Any CPU
		{0B5B43E6-C5EB-4BFF-ADFC-9CE2F2D13D52}.Release|Any CPU.ActiveCfg = Release|Any CPU
		{0B5B43E6-C5EB-4BFF-ADFC-9CE2F2D13D52}.Release|Any CPU.Build.0 = Release|Any CPU
		{0B5B43E6-C5EB-4BFF-ADFC-9CE2F2D13D52}.Release|x86.ActiveCfg = Release|Any CPU
		{0B5B43E6-C5EB-4BFF-ADFC-9CE2F2D13D52}.Release|x86.Build.0 = Release|Any CPU
	EndGlobalSection
	GlobalSection(SolutionProperties) = preSolution
		HideSolutionNode = FALSE
	EndGlobalSection
	GlobalSection(ExtensibilityGlobals) = postSolution
		SolutionGuid = {F8A6B8F8-6BAF-4C51-8EE9-686BB849F9AF}
	EndGlobalSection
EndGlobal
